// !$*UTF8*$!
{
	archiveVersion = 1;
	classes = {
	};
	objectVersion = 46;
	objects = {

/* Begin PBXBuildFile section */
		3F680DB01BA36CC2001BFCA4 /* AppDelegate.swift in Sources */ = {isa = PBXBuildFile; fileRef = 3F680DAF1BA36CC2001BFCA4 /* AppDelegate.swift */; };
		3F680DB21BA36CC2001BFCA4 /* ViewController.swift in Sources */ = {isa = PBXBuildFile; fileRef = 3F680DB11BA36CC2001BFCA4 /* ViewController.swift */; };
		3F680DB51BA36CC2001BFCA4 /* Main.storyboard in Resources */ = {isa = PBXBuildFile; fileRef = 3F680DB31BA36CC2001BFCA4 /* Main.storyboard */; };
		3F680DB71BA36CC2001BFCA4 /* Assets.xcassets in Resources */ = {isa = PBXBuildFile; fileRef = 3F680DB61BA36CC2001BFCA4 /* Assets.xcassets */; };
		3F680DBA1BA36CC2001BFCA4 /* LaunchScreen.storyboard in Resources */ = {isa = PBXBuildFile; fileRef = 3F680DB81BA36CC2001BFCA4 /* LaunchScreen.storyboard */; };
		3F680DD61BA36D24001BFCA4 /* 1.png in Resources */ = {isa = PBXBuildFile; fileRef = 3F680DC11BA36D24001BFCA4 /* 1.png */; };
		3F680DD71BA36D24001BFCA4 /* 2.png in Resources */ = {isa = PBXBuildFile; fileRef = 3F680DC21BA36D24001BFCA4 /* 2.png */; };
		3F680DD81BA36D24001BFCA4 /* 3.png in Resources */ = {isa = PBXBuildFile; fileRef = 3F680DC31BA36D24001BFCA4 /* 3.png */; };
		3F680DD91BA36D24001BFCA4 /* 4.png in Resources */ = {isa = PBXBuildFile; fileRef = 3F680DC41BA36D24001BFCA4 /* 4.png */; };
		3F680DDA1BA36D24001BFCA4 /* 5.png in Resources */ = {isa = PBXBuildFile; fileRef = 3F680DC51BA36D24001BFCA4 /* 5.png */; };
		3F680DDB1BA36D24001BFCA4 /* 6.png in Resources */ = {isa = PBXBuildFile; fileRef = 3F680DC61BA36D24001BFCA4 /* 6.png */; };
		3F680DDC1BA36D24001BFCA4 /* 7.png in Resources */ = {isa = PBXBuildFile; fileRef = 3F680DC71BA36D24001BFCA4 /* 7.png */; };
		3F680DDD1BA36D24001BFCA4 /* 8.png in Resources */ = {isa = PBXBuildFile; fileRef = 3F680DC81BA36D24001BFCA4 /* 8.png */; };
		3F680DDE1BA36D24001BFCA4 /* 9.png in Resources */ = {isa = PBXBuildFile; fileRef = 3F680DC91BA36D24001BFCA4 /* 9.png */; };
		3F680DDF1BA36D24001BFCA4 /* 10.png in Resources */ = {isa = PBXBuildFile; fileRef = 3F680DCA1BA36D24001BFCA4 /* 10.png */; };
		3F680DE01BA36D24001BFCA4 /* 11.png in Resources */ = {isa = PBXBuildFile; fileRef = 3F680DCB1BA36D24001BFCA4 /* 11.png */; };
		3F680DE11BA36D24001BFCA4 /* 12.png in Resources */ = {isa = PBXBuildFile; fileRef = 3F680DCC1BA36D24001BFCA4 /* 12.png */; };
		3F680DE21BA36D24001BFCA4 /* 13.png in Resources */ = {isa = PBXBuildFile; fileRef = 3F680DCD1BA36D24001BFCA4 /* 13.png */; };
		3F680DE31BA36D24001BFCA4 /* 14.png in Resources */ = {isa = PBXBuildFile; fileRef = 3F680DCE1BA36D24001BFCA4 /* 14.png */; };
		3F680DE41BA36D24001BFCA4 /* 15.png in Resources */ = {isa = PBXBuildFile; fileRef = 3F680DCF1BA36D24001BFCA4 /* 15.png */; };
		3F680DE51BA36D24001BFCA4 /* 16.png in Resources */ = {isa = PBXBuildFile; fileRef = 3F680DD01BA36D24001BFCA4 /* 16.png */; };
		3F680DE61BA36D24001BFCA4 /* 17.png in Resources */ = {isa = PBXBuildFile; fileRef = 3F680DD11BA36D24001BFCA4 /* 17.png */; };
		3F680DE71BA36D24001BFCA4 /* 18.png in Resources */ = {isa = PBXBuildFile; fileRef = 3F680DD21BA36D24001BFCA4 /* 18.png */; };
		3F680DE81BA36D24001BFCA4 /* 19.png in Resources */ = {isa = PBXBuildFile; fileRef = 3F680DD31BA36D24001BFCA4 /* 19.png */; };
		3F680DE91BA36D24001BFCA4 /* 20.png in Resources */ = {isa = PBXBuildFile; fileRef = 3F680DD41BA36D24001BFCA4 /* 20.png */; };
		3F680DEA1BA36D24001BFCA4 /* 21.png in Resources */ = {isa = PBXBuildFile; fileRef = 3F680DD51BA36D24001BFCA4 /* 21.png */; };
/* End PBXBuildFile section */

/* Begin PBXFileReference section */
		3F680DAC1BA36CC2001BFCA4 /* Animation_1.app */ = {isa = PBXFileReference; explicitFileType = wrapper.application; includeInIndex = 0; path = Animation_1.app; sourceTree = BUILT_PRODUCTS_DIR; };
		3F680DAF1BA36CC2001BFCA4 /* AppDelegate.swift */ = {isa = PBXFileReference; lastKnownFileType = sourcecode.swift; path = AppDelegate.swift; sourceTree = "<group>"; };
		3F680DB11BA36CC2001BFCA4 /* ViewController.swift */ = {isa = PBXFileReference; lastKnownFileType = sourcecode.swift; path = ViewController.swift; sourceTree = "<group>"; };
		3F680DB41BA36CC2001BFCA4 /* Base */ = {isa = PBXFileReference; lastKnownFileType = file.storyboard; name = Base; path = Base.lproj/Main.storyboard; sourceTree = "<group>"; };
		3F680DB61BA36CC2001BFCA4 /* Assets.xcassets */ = {isa = PBXFileReference; lastKnownFileType = folder.assetcatalog; path = Assets.xcassets; sourceTree = "<group>"; };
		3F680DB91BA36CC2001BFCA4 /* Base */ = {isa = PBXFileReference; lastKnownFileType = file.storyboard; name = Base; path = Base.lproj/LaunchScreen.storyboard; sourceTree = "<group>"; };
		3F680DBB1BA36CC2001BFCA4 /* Info.plist */ = {isa = PBXFileReference; lastKnownFileType = text.plist.xml; path = Info.plist; sourceTree = "<group>"; };
		3F680DC11BA36D24001BFCA4 /* 1.png */ = {isa = PBXFileReference; lastKnownFileType = image.png; path = 1.png; sourceTree = "<group>"; };
		3F680DC21BA36D24001BFCA4 /* 2.png */ = {isa = PBXFileReference; lastKnownFileType = image.png; path = 2.png; sourceTree = "<group>"; };
		3F680DC31BA36D24001BFCA4 /* 3.png */ = {isa = PBXFileReference; lastKnownFileType = image.png; path = 3.png; sourceTree = "<group>"; };
		3F680DC41BA36D24001BFCA4 /* 4.png */ = {isa = PBXFileReference; lastKnownFileType = image.png; path = 4.png; sourceTree = "<group>"; };
		3F680DC51BA36D24001BFCA4 /* 5.png */ = {isa = PBXFileReference; lastKnownFileType = image.png; path = 5.png; sourceTree = "<group>"; };
		3F680DC61BA36D24001BFCA4 /* 6.png */ = {isa = PBXFileReference; lastKnownFileType = image.png; path = 6.png; sourceTree = "<group>"; };
		3F680DC71BA36D24001BFCA4 /* 7.png */ = {isa = PBXFileReference; lastKnownFileType = image.png; path = 7.png; sourceTree = "<group>"; };
		3F680DC81BA36D24001BFCA4 /* 8.png */ = {isa = PBXFileReference; lastKnownFileType = image.png; path = 8.png; sourceTree = "<group>"; };
		3F680DC91BA36D24001BFCA4 /* 9.png */ = {isa = PBXFileReference; lastKnownFileType = image.png; path = 9.png; sourceTree = "<group>"; };
		3F680DCA1BA36D24001BFCA4 /* 10.png */ = {isa = PBXFileReference; lastKnownFileType = image.png; path = 10.png; sourceTree = "<group>"; };
		3F680DCB1BA36D24001BFCA4 /* 11.png */ = {isa = PBXFileReference; lastKnownFileType = image.png; path = 11.png; sourceTree = "<group>"; };
		3F680DCC1BA36D24001BFCA4 /* 12.png */ = {isa = PBXFileReference; lastKnownFileType = image.png; path = 12.png; sourceTree = "<group>"; };
		3F680DCD1BA36D24001BFCA4 /* 13.png */ = {isa = PBXFileReference; lastKnownFileType = image.png; path = 13.png; sourceTree = "<group>"; };
		3F680DCE1BA36D24001BFCA4 /* 14.png */ = {isa = PBXFileReference; lastKnownFileType = image.png; path = 14.png; sourceTree = "<group>"; };
		3F680DCF1BA36D24001BFCA4 /* 15.png */ = {isa = PBXFileReference; lastKnownFileType = image.png; path = 15.png; sourceTree = "<group>"; };
		3F680DD01BA36D24001BFCA4 /* 16.png */ = {isa = PBXFileReference; lastKnownFileType = image.png; path = 16.png; sourceTree = "<group>"; };
		3F680DD11BA36D24001BFCA4 /* 17.png */ = {isa = PBXFileReference; lastKnownFileType = image.png; path = 17.png; sourceTree = "<group>"; };
		3F680DD21BA36D24001BFCA4 /* 18.png */ = {isa = PBXFileReference; lastKnownFileType = image.png; path = 18.png; sourceTree = "<group>"; };
		3F680DD31BA36D24001BFCA4 /* 19.png */ = {isa = PBXFileReference; lastKnownFileType = image.png; path = 19.png; sourceTree = "<group>"; };
		3F680DD41BA36D24001BFCA4 /* 20.png */ = {isa = PBXFileReference; lastKnownFileType = image.png; path = 20.png; sourceTree = "<group>"; };
		3F680DD51BA36D24001BFCA4 /* 21.png */ = {isa = PBXFileReference; lastKnownFileType = image.png; path = 21.png; sourceTree = "<group>"; };
/* End PBXFileReference section */

/* Begin PBXFrameworksBuildPhase section */
		3F680DA91BA36CC2001BFCA4 /* Frameworks */ = {
			isa = PBXFrameworksBuildPhase;
			buildActionMask = 2147483647;
			files = (
			);
			runOnlyForDeploymentPostprocessing = 0;
		};
/* End PBXFrameworksBuildPhase section */

/* Begin PBXGroup section */
		3F680DA31BA36CC1001BFCA4 = {
			isa = PBXGroup;
			children = (
				3F680DAE1BA36CC2001BFCA4 /* Animation_1 */,
				3F680DAD1BA36CC2001BFCA4 /* Products */,
			);
			sourceTree = "<group>";
		};
		3F680DAD1BA36CC2001BFCA4 /* Products */ = {
			isa = PBXGroup;
			children = (
				3F680DAC1BA36CC2001BFCA4 /* Animation_1.app */,
			);
			name = Products;
			sourceTree = "<group>";
		};
		3F680DAE1BA36CC2001BFCA4 /* Animation_1 */ = {
			isa = PBXGroup;
			children = (
				3F680DAF1BA36CC2001BFCA4 /* AppDelegate.swift */,
				3F680DC11BA36D24001BFCA4 /* 1.png */,
				3F680DC21BA36D24001BFCA4 /* 2.png */,
				3F680DC31BA36D24001BFCA4 /* 3.png */,
				3F680DC41BA36D24001BFCA4 /* 4.png */,
				3F680DC51BA36D24001BFCA4 /* 5.png */,
				3F680DC61BA36D24001BFCA4 /* 6.png */,
				3F680DC71BA36D24001BFCA4 /* 7.png */,
				3F680DC81BA36D24001BFCA4 /* 8.png */,
				3F680DC91BA36D24001BFCA4 /* 9.png */,
				3F680DCA1BA36D24001BFCA4 /* 10.png */,
				3F680DCB1BA36D24001BFCA4 /* 11.png */,
				3F680DCC1BA36D24001BFCA4 /* 12.png */,
				3F680DCD1BA36D24001BFCA4 /* 13.png */,
				3F680DCE1BA36D24001BFCA4 /* 14.png */,
				3F680DCF1BA36D24001BFCA4 /* 15.png */,
				3F680DD01BA36D24001BFCA4 /* 16.png */,
				3F680DD11BA36D24001BFCA4 /* 17.png */,
				3F680DD21BA36D24001BFCA4 /* 18.png */,
				3F680DD31BA36D24001BFCA4 /* 19.png */,
				3F680DD41BA36D24001BFCA4 /* 20.png */,
				3F680DD51BA36D24001BFCA4 /* 21.png */,
				3F680DB11BA36CC2001BFCA4 /* ViewController.swift */,
				3F680DB31BA36CC2001BFCA4 /* Main.storyboard */,
				3F680DB61BA36CC2001BFCA4 /* Assets.xcassets */,
				3F680DB81BA36CC2001BFCA4 /* LaunchScreen.storyboard */,
				3F680DBB1BA36CC2001BFCA4 /* Info.plist */,
			);
			path = Animation_1;
			sourceTree = "<group>";
		};
/* End PBXGroup section */

/* Begin PBXNativeTarget section */
		3F680DAB1BA36CC2001BFCA4 /* Animation_1 */ = {
			isa = PBXNativeTarget;
			buildConfigurationList = 3F680DBE1BA36CC2001BFCA4 /* Build configuration list for PBXNativeTarget "Animation_1" */;
			buildPhases = (
				3F680DA81BA36CC2001BFCA4 /* Sources */,
				3F680DA91BA36CC2001BFCA4 /* Frameworks */,
				3F680DAA1BA36CC2001BFCA4 /* Resources */,
			);
			buildRules = (
			);
			dependencies = (
			);
			name = Animation_1;
			productName = Animation_1;
			productReference = 3F680DAC1BA36CC2001BFCA4 /* Animation_1.app */;
			productType = "com.apple.product-type.application";
		};
/* End PBXNativeTarget section */

/* Begin PBXProject section */
		3F680DA41BA36CC1001BFCA4 /* Project object */ = {
			isa = PBXProject;
			attributes = {
				LastUpgradeCheck = 0700;
				ORGANIZATIONNAME = "funza Academy";
				TargetAttributes = {
					3F680DAB1BA36CC2001BFCA4 = {
						CreatedOnToolsVersion = 7.0;
					};
				};
			};
			buildConfigurationList = 3F680DA71BA36CC1001BFCA4 /* Build configuration list for PBXProject "Animation_1" */;
			compatibilityVersion = "Xcode 3.2";
			developmentRegion = English;
			hasScannedForEncodings = 0;
			knownRegions = (
				en,
				Base,
			);
			mainGroup = 3F680DA31BA36CC1001BFCA4;
			productRefGroup = 3F680DAD1BA36CC2001BFCA4 /* Products */;
			projectDirPath = "";
			projectRoot = "";
			targets = (
				3F680DAB1BA36CC2001BFCA4 /* Animation_1 */,
			);
		};
/* End PBXProject section */

/* Begin PBXResourcesBuildPhase section */
		3F680DAA1BA36CC2001BFCA4 /* Resources */ = {
			isa = PBXResourcesBuildPhase;
			buildActionMask = 2147483647;
			files = (
				3F680DE11BA36D24001BFCA4 /* 12.png in Resources */,
				3F680DE51BA36D24001BFCA4 /* 16.png in Resources */,
				3F680DDF1BA36D24001BFCA4 /* 10.png in Resources */,
				3F680DDD1BA36D24001BFCA4 /* 8.png in Resources */,
				3F680DBA1BA36CC2001BFCA4 /* LaunchScreen.storyboard in Resources */,
				3F680DE61BA36D24001BFCA4 /* 17.png in Resources */,
				3F680DD91BA36D24001BFCA4 /* 4.png in Resources */,
				3F680DD61BA36D24001BFCA4 /* 1.png in Resources */,
				3F680DE01BA36D24001BFCA4 /* 11.png in Resources */,
				3F680DE81BA36D24001BFCA4 /* 19.png in Resources */,
				3F680DDB1BA36D24001BFCA4 /* 6.png in Resources */,
				3F680DD71BA36D24001BFCA4 /* 2.png in Resources */,
				3F680DE41BA36D24001BFCA4 /* 15.png in Resources */,
				3F680DE71BA36D24001BFCA4 /* 18.png in Resources */,
				3F680DD81BA36D24001BFCA4 /* 3.png in Resources */,
				3F680DDA1BA36D24001BFCA4 /* 5.png in Resources */,
				3F680DDC1BA36D24001BFCA4 /* 7.png in Resources */,
				3F680DDE1BA36D24001BFCA4 /* 9.png in Resources */,
				3F680DE91BA36D24001BFCA4 /* 20.png in Resources */,
				3F680DE21BA36D24001BFCA4 /* 13.png in Resources */,
				3F680DEA1BA36D24001BFCA4 /* 21.png in Resources */,
				3F680DB71BA36CC2001BFCA4 /* Assets.xcassets in Resources */,
				3F680DB51BA36CC2001BFCA4 /* Main.storyboard in Resources */,
				3F680DE31BA36D24001BFCA4 /* 14.png in Resources */,
			);
			runOnlyForDeploymentPostprocessing = 0;
		};
/* End PBXResourcesBuildPhase section */

/* Begin PBXSourcesBuildPhase section */
		3F680DA81BA36CC2001BFCA4 /* Sources */ = {
			isa = PBXSourcesBuildPhase;
			buildActionMask = 2147483647;
			files = (
				3F680DB21BA36CC2001BFCA4 /* ViewController.swift in Sources */,
				3F680DB01BA36CC2001BFCA4 /* AppDelegate.swift in Sources */,
			);
			runOnlyForDeploymentPostprocessing = 0;
		};
/* End PBXSourcesBuildPhase section */

/* Begin PBXVariantGroup section */
		3F680DB31BA36CC2001BFCA4 /* Main.storyboard */ = {
			isa = PBXVariantGroup;
			children = (
				3F680DB41BA36CC2001BFCA4 /* Base */,
			);
			name = Main.storyboard;
			sourceTree = "<group>";
		};
		3F680DB81BA36CC2001BFCA4 /* LaunchScreen.storyboard */ = {
			isa = PBXVariantGroup;
			children = (
				3F680DB91BA36CC2001BFCA4 /* Base */,
			);
			name = LaunchScreen.storyboard;
			sourceTree = "<group>";
		};
/* End PBXVariantGroup section */

/* Begin XCBuildConfiguration section */
		3F680DBC1BA36CC2001BFCA4 /* Debug */ = {
			isa = XCBuildConfiguration;
			buildSettings = {
				ALWAYS_SEARCH_USER_PATHS = NO;
				CLANG_CXX_LANGUAGE_STANDARD = "gnu++0x";
				CLANG_CXX_LIBRARY = "libc++";
				CLANG_ENABLE_MODULES = YES;
				CLANG_ENABLE_OBJC_ARC = YES;
				CLANG_WARN_BOOL_CONVERSION = YES;
				CLANG_WARN_CONSTANT_CONVERSION = YES;
				CLANG_WARN_DIRECT_OBJC_ISA_USAGE = YES_ERROR;
				CLANG_WARN_EMPTY_BODY = YES;
				CLANG_WARN_ENUM_CONVERSION = YES;
				CLANG_WARN_INT_CONVERSION = YES;
				CLANG_WARN_OBJC_ROOT_CLASS = YES_ERROR;
				CLANG_WARN_UNREACHABLE_CODE = YES;
				CLANG_WARN__DUPLICATE_METHOD_MATCH = YES;
				"CODE_SIGN_IDENTITY[sdk=iphoneos*]" = "iPhone Developer";
				COPY_PHASE_STRIP = NO;
				DEBUG_INFORMATION_FORMAT = dwarf;
				ENABLE_STRICT_OBJC_MSGSEND = YES;
				ENABLE_TESTABILITY = YES;
				GCC_C_LANGUAGE_STANDARD = gnu99;
				GCC_DYNAMIC_NO_PIC = NO;
				GCC_NO_COMMON_BLOCKS = YES;
				GCC_OPTIMIZATION_LEVEL = 0;
				GCC_PREPROCESSOR_DEFINITIONS = (
					"DEBUG=1",
					"$(inherited)",
				);
				GCC_WARN_64_TO_32_BIT_CONVERSION = YES;
				GCC_WARN_ABOUT_RETURN_TYPE = YES_ERROR;
				GCC_WARN_UNDECLARED_SELECTOR = YES;
				GCC_WARN_UNINITIALIZED_AUTOS = YES_AGGRESSIVE;
				GCC_WARN_UNUSED_FUNCTION = YES;
				GCC_WARN_UNUSED_VARIABLE = YES;
				IPHONEOS_DEPLOYMENT_TARGET = 9.0;
				MTL_ENABLE_DEBUG_INFO = YES;
				ONLY_ACTIVE_ARCH = YES;
				SDKROOT = iphoneos;
				SWIFT_OPTIMIZATION_LEVEL = "-Onone";
			};
			name = Debug;
		};
		3F680DBD1BA36CC2001BFCA4 /* Release */ = {
			isa = XCBuildConfiguration;
			buildSettings = {
				ALWAYS_SEARCH_USER_PATHS = NO;
				CLANG_CXX_LANGUAGE_STANDARD = "gnu++0x";
				CLANG_CXX_LIBRARY = "libc++";
				CLANG_ENABLE_MODULES = YES;
				CLANG_ENABLE_OBJC_ARC = YES;
				CLANG_WARN_BOOL_CONVERSION = YES;
				CLANG_WARN_CONSTANT_CONVERSION = YES;
				CLANG_WARN_DIRECT_OBJC_ISA_USAGE = YES_ERROR;
				CLANG_WARN_EMPTY_BODY = YES;
				CLANG_WARN_ENUM_CONVERSION = YES;
				CLANG_WARN_INT_CONVERSION = YES;
				CLANG_WARN_OBJC_ROOT_CLASS = YES_ERROR;
				CLANG_WARN_UNREACHABLE_CODE = YES;
				CLANG_WARN__DUPLICATE_METHOD_MATCH = YES;
				"CODE_SIGN_IDENTITY[sdk=iphoneos*]" = "iPhone Developer";
				COPY_PHASE_STRIP = NO;
				DEBUG_INFORMATION_FORMAT = "dwarf-with-dsym";
				ENABLE_NS_ASSERTIONS = NO;
				ENABLE_STRICT_OBJC_MSGSEND = YES;
				GCC_C_LANGUAGE_STANDARD = gnu99;
				GCC_NO_COMMON_BLOCKS = YES;
				GCC_WARN_64_TO_32_BIT_CONVERSION = YES;
				GCC_WARN_ABOUT_RETURN_TYPE = YES_ERROR;
				GCC_WARN_UNDECLARED_SELECTOR = YES;
				GCC_WARN_UNINITIALIZED_AUTOS = YES_AGGRESSIVE;
				GCC_WARN_UNUSED_FUNCTION = YES;
				GCC_WARN_UNUSED_VARIABLE = YES;
				IPHONEOS_DEPLOYMENT_TARGET = 9.0;
				MTL_ENABLE_DEBUG_INFO = NO;
				SDKROOT = iphoneos;
				VALIDATE_PRODUCT = YES;
			};
			name = Release;
		};
		3F680DBF1BA36CC2001BFCA4 /* Debug */ = {
			isa = XCBuildConfiguration;
			buildSettings = {
				ASSETCATALOG_COMPILER_APPICON_NAME = AppIcon;
				INFOPLIST_FILE = Animation_1/Info.plist;
				LD_RUNPATH_SEARCH_PATHS = "$(inherited) @executable_path/Frameworks";
				PRODUCT_BUNDLE_IDENTIFIER = "info.funza.Animation-1";
				PRODUCT_NAME = "$(TARGET_NAME)";
			};
			name = Debug;
		};
		3F680DC01BA36CC2001BFCA4 /* Release */ = {
			isa = XCBuildConfiguration;
			buildSettings = {
				ASSETCATALOG_COMPILER_APPICON_NAME = AppIcon;
				INFOPLIST_FILE = Animation_1/Info.plist;
				LD_RUNPATH_SEARCH_PATHS = "$(inherited) @executable_path/Frameworks";
				PRODUCT_BUNDLE_IDENTIFIER = "info.funza.Animation-1";
				PRODUCT_NAME = "$(TARGET_NAME)";
			};
			name = Release;
		};
/* End XCBuildConfiguration section */

/* Begin XCConfigurationList section */
		3F680DA71BA36CC1001BFCA4 /* Build configuration list for PBXProject "Animation_1" */ = {
			isa = XCConfigurationList;
			buildConfigurations = (
				3F680DBC1BA36CC2001BFCA4 /* Debug */,
				3F680DBD1BA36CC2001BFCA4 /* Release */,
			);
			defaultConfigurationIsVisible = 0;
			defaultConfigurationName = Release;
		};
		3F680DBE1BA36CC2001BFCA4 /* Build configuration list for PBXNativeTarget "Animation_1" */ = {
			isa = XCConfigurationList;
			buildConfigurations = (
				3F680DBF1BA36CC2001BFCA4 /* Debug */,
				3F680DC01BA36CC2001BFCA4 /* Release */,
			);
			defaultConfigurationIsVisible = 0;
		};
/* End XCConfigurationList section */
	};
	rootObject = 3F680DA41BA36CC1001BFCA4 /* Project object */;
}
